
Microsoft Visual Studio Solution File, Format Version 12.00
# Visual Studio Version 17
VisualStudioVersion = 17.0.32014.148
MinimumVisualStudioVersion = 10.0.40219.1
Project("{FAE04EC0-301F-11D3-BF4B-00C04F79EFBC}") = "01.IntegerOperations", "01.IntegerOperations\01.IntegerOperations.csproj", "{12AC40D2-8FA6-41A0-BA0F-FF032E34028E}"
EndProject
Project("{FAE04EC0-301F-11D3-BF4B-00C04F79EFBC}") = "02.SumDigits", "02.SumDigits\02.SumDigits.csproj", "{448BD833-3949-4CF6-9CDC-A4914531DD24}"
EndProject
Project("{FAE04EC0-301F-11D3-BF4B-00C04F79EFBC}") = "03.Elevator", "03.Elevator\03.Elevator.csproj", "{22CB49E8-B8C2-46BF-A1FD-840AD8BEE5AE}"
EndProject
Project("{FAE04EC0-301F-11D3-BF4B-00C04F79EFBC}") = "04.SumOfChars", "04.SumOfChars\04.SumOfChars.csproj", "{FA933D56-4C40-4749-AFDA-0C657749A325}"
EndProject
Project("{FAE04EC0-301F-11D3-BF4B-00C04F79EFBC}") = "05.PrintPartOfASCIITable", "05.PrintPartOfASCIITable\05.PrintPartOfASCIITable.csproj", "{FB79D9B1-D733-4A10-9C62-6D03CF13F8C2}"
EndProject
Project("{FAE04EC0-301F-11D3-BF4B-00C04F79EFBC}") = "06.TriplesOfLatinLetters", "06.TriplesOfLatinLetters\06.TriplesOfLatinLetters.csproj", "{DE93B51B-15CF-41A5-8291-88D4D9A9A265}"
EndProject
Project("{FAE04EC0-301F-11D3-BF4B-00C04F79EFBC}") = "07.WaterOverflow", "07.WaterOverflow\07.WaterOverflow.csproj", "{5EBFA442-0BF7-40B9-BEF6-1A1D2761E524}"
EndProject
Project("{FAE04EC0-301F-11D3-BF4B-00C04F79EFBC}") = "08.BeerKegs", "08.BeerKegs\08.BeerKegs.csproj", "{46C87257-6E35-4DC3-9D22-89E7C7AA6F37}"
EndProject
Project("{FAE04EC0-301F-11D3-BF4B-00C04F79EFBC}") = "09.SpiceMustFlow", "09.SpiceMustFlow\09.SpiceMustFlow.csproj", "{67A536F2-DA9A-4160-84C7-09D9DE555955}"
EndProject
Project("{FAE04EC0-301F-11D3-BF4B-00C04F79EFBC}") = "10.PokeMon", "10.PokeMon\10.PokeMon.csproj", "{AA415046-FAF3-49E9-BD01-C52B9F34D342}"
EndProject
Project("{FAE04EC0-301F-11D3-BF4B-00C04F79EFBC}") = "11.Snowballs", "11.Snowballs\11.Snowballs.csproj", "{58C7E915-3449-42DF-85D0-76357AB8DCFE}"
EndProject
Project("{2150E333-8FDC-42A3-9474-1A3956D46DE8}") = "Data Types and Variables - Exercise", "Data Types and Variables - Exercise", "{E8BC0E9C-0DAE-4665-822D-4E781DA0B91D}"
EndProject
Project("{2150E333-8FDC-42A3-9474-1A3956D46DE8}") = "Basic Syntax, Conditional Statements and Loops - More Exercise", "Basic Syntax, Conditional Statements and Loops - More Exercise", "{6F1E4B6E-F75E-4B52-92B7-2554B5209D52}"
EndProject
Project("{FAE04EC0-301F-11D3-BF4B-00C04F79EFBC}") = "01.SortNumbers", "01.SortNumbers\01.SortNumbers.csproj", "{1E59C96B-7F0B-4B1A-9B66-FD9B9A375503}"
EndProject
Project("{FAE04EC0-301F-11D3-BF4B-00C04F79EFBC}") = "02.EnglishNameOfTheLastDigit", "02.EnglishNameOfTheLastDigit\02.EnglishNameOfTheLastDigit.csproj", "{4AB52F6B-648B-4137-A1BB-CC09CDA93F96}"
EndProject
Project("{FAE04EC0-301F-11D3-BF4B-00C04F79EFBC}") = "03.GamingStore", "03.GamingStore\03.GamingStore.csproj", "{68F822BA-F915-4471-ACC9-9A73482A169A}"
EndProject
Project("{FAE04EC0-301F-11D3-BF4B-00C04F79EFBC}") = "04.ReverseString", "04.ReverseString\04.ReverseString.csproj", "{77D5034B-6A33-4D2C-BC6F-13C46957ADEB}"
EndProject
Project("{FAE04EC0-301F-11D3-BF4B-00C04F79EFBC}") = "05.Messages", "05.Messages\05.Messages.csproj", "{27185106-BAA1-4A52-BAB8-39ADA3D17AAB}"
EndProject
Project("{2150E333-8FDC-42A3-9474-1A3956D46DE8}") = "Basic Syntax, Conditional Statements and Loops - Exercise", "Basic Syntax, Conditional Statements and Loops - Exercise", "{58013D86-8468-41B0-BE83-BE6892159FF1}"
EndProject
Project("{FAE04EC0-301F-11D3-BF4B-00C04F79EFBC}") = "01.Ages", "01.Ages\01.Ages.csproj", "{6EFF8239-9F01-458E-A916-F9CDC9224C67}"
EndProject
Project("{FAE04EC0-301F-11D3-BF4B-00C04F79EFBC}") = "02.Division", "02.Division\02.Division.csproj", "{79C48E46-6391-4DCC-9091-7EEF08DFDA2F}"
EndProject
Project("{FAE04EC0-301F-11D3-BF4B-00C04F79EFBC}") = "03.Vacation", "03.Vacation\03.Vacation.csproj", "{A55E4759-EE6C-4FC2-9383-0FA604656B19}"
EndProject
Project("{FAE04EC0-301F-11D3-BF4B-00C04F79EFBC}") = "04.PrintAndSum", "04.PrintAndSum\04.PrintAndSum.csproj", "{EA194000-114C-4F99-85F6-233FAA218A2D}"
EndProject
Project("{FAE04EC0-301F-11D3-BF4B-00C04F79EFBC}") = "05.Login", "05.Login\05.Login.csproj", "{9E26F473-5CC7-4706-AA4E-A1D40FC4D8F4}"
EndProject
Project("{FAE04EC0-301F-11D3-BF4B-00C04F79EFBC}") = "06.StrongNumber", "06.StrongNumber\06.StrongNumber.csproj", "{D1E19523-8A75-4406-9D2F-49552F19986A}"
EndProject
Project("{FAE04EC0-301F-11D3-BF4B-00C04F79EFBC}") = "07.VendingMachine", "07.VendingMachine\07.VendingMachine.csproj", "{54585891-F793-4100-82E9-3EBD6E2A022F}"
EndProject
Project("{FAE04EC0-301F-11D3-BF4B-00C04F79EFBC}") = "08.TriangleOfNumbers", "08.TriangleOfNumbers\08.TriangleOfNumbers.csproj", "{C8B26CC6-5F31-464D-B80E-D5B250C6E997}"
EndProject
Project("{FAE04EC0-301F-11D3-BF4B-00C04F79EFBC}") = "09.PadawanEquipment", "09.PadawanEquipment\09.PadawanEquipment.csproj", "{B397547F-8D5F-441E-AD13-9B40EF7C7103}"
EndProject
Project("{FAE04EC0-301F-11D3-BF4B-00C04F79EFBC}") = "10.RageExpenses", "10.RageExpenses\10.RageExpenses.csproj", "{FDD62318-D9A9-49AC-BD47-24A834FD17F5}"
EndProject
Project("{FAE04EC0-301F-11D3-BF4B-00C04F79EFBC}") = "11.Orders", "11.Orders\11.Orders.csproj", "{09E8552C-A4A7-4206-B623-24EF71B31394}"
EndProject
Project("{2150E333-8FDC-42A3-9474-1A3956D46DE8}") = "Data Types and Variables - More Exercise", "Data Types and Variables - More Exercise", "{E4F5EF30-A673-4B1B-81F2-D57920C8DA76}"
EndProject
Project("{FAE04EC0-301F-11D3-BF4B-00C04F79EFBC}") = "01.DataTypeFinder", "01.DataTypeFinder\01.DataTypeFinder.csproj", "{765BC718-89A6-4B6A-9FA9-6FA635DFA4CD}"
EndProject
Project("{FAE04EC0-301F-11D3-BF4B-00C04F79EFBC}") = "02.FromLeftToTheRight", "02.FromLeftToTheRight\02.FromLeftToTheRight.csproj", "{AA215F6E-6A08-42AC-B728-35F530765FB5}"
EndProject
Project("{FAE04EC0-301F-11D3-BF4B-00C04F79EFBC}") = "03.FloatingEquality", "03.FloatingEquality\03.FloatingEquality.csproj", "{41BEAAB5-D6E8-4843-913D-E098F9A95346}"
EndProject
Project("{FAE04EC0-301F-11D3-BF4B-00C04F79EFBC}") = "04.RefactoringPrimeChecker", "04.RefactoringPrimeChecker\04.RefactoringPrimeChecker.csproj", "{8C301D83-1804-4379-9679-0A8B797EEC7C}"
EndProject
Project("{FAE04EC0-301F-11D3-BF4B-00C04F79EFBC}") = "05.DecryptingMessage", "05.DecryptingMessage\05.DecryptingMessage.csproj", "{F6CA8461-FE58-4A98-A043-1883F21CD2FD}"
EndProject
Project("{FAE04EC0-301F-11D3-BF4B-00C04F79EFBC}") = "06.BalancedBrackets", "06.BalancedBrackets\06.BalancedBrackets.csproj", "{FDD470CF-7835-4A19-874A-7992E49E143E}"
EndProject
Global
	GlobalSection(SolutionConfigurationPlatforms) = preSolution
		Debug|Any CPU = Debug|Any CPU
		Release|Any CPU = Release|Any CPU
	EndGlobalSection
	GlobalSection(ProjectConfigurationPlatforms) = postSolution
		{12AC40D2-8FA6-41A0-BA0F-FF032E34028E}.Debug|Any CPU.ActiveCfg = Debug|Any CPU
		{12AC40D2-8FA6-41A0-BA0F-FF032E34028E}.Debug|Any CPU.Build.0 = Debug|Any CPU
		{12AC40D2-8FA6-41A0-BA0F-FF032E34028E}.Release|Any CPU.ActiveCfg = Release|Any CPU
		{12AC40D2-8FA6-41A0-BA0F-FF032E34028E}.Release|Any CPU.Build.0 = Release|Any CPU
		{448BD833-3949-4CF6-9CDC-A4914531DD24}.Debug|Any CPU.ActiveCfg = Debug|Any CPU
		{448BD833-3949-4CF6-9CDC-A4914531DD24}.Debug|Any CPU.Build.0 = Debug|Any CPU
		{448BD833-3949-4CF6-9CDC-A4914531DD24}.Release|Any CPU.ActiveCfg = Release|Any CPU
		{448BD833-3949-4CF6-9CDC-A4914531DD24}.Release|Any CPU.Build.0 = Release|Any CPU
		{22CB49E8-B8C2-46BF-A1FD-840AD8BEE5AE}.Debug|Any CPU.ActiveCfg = Debug|Any CPU
		{22CB49E8-B8C2-46BF-A1FD-840AD8BEE5AE}.Debug|Any CPU.Build.0 = Debug|Any CPU
		{22CB49E8-B8C2-46BF-A1FD-840AD8BEE5AE}.Release|Any CPU.ActiveCfg = Release|Any CPU
		{22CB49E8-B8C2-46BF-A1FD-840AD8BEE5AE}.Release|Any CPU.Build.0 = Release|Any CPU
		{FA933D56-4C40-4749-AFDA-0C657749A325}.Debug|Any CPU.ActiveCfg = Debug|Any CPU
		{FA933D56-4C40-4749-AFDA-0C657749A325}.Debug|Any CPU.Build.0 = Debug|Any CPU
		{FA933D56-4C40-4749-AFDA-0C657749A325}.Release|Any CPU.ActiveCfg = Release|Any CPU
		{FA933D56-4C40-4749-AFDA-0C657749A325}.Release|Any CPU.Build.0 = Release|Any CPU
		{FB79D9B1-D733-4A10-9C62-6D03CF13F8C2}.Debug|Any CPU.ActiveCfg = Debug|Any CPU
		{FB79D9B1-D733-4A10-9C62-6D03CF13F8C2}.Debug|Any CPU.Build.0 = Debug|Any CPU
		{FB79D9B1-D733-4A10-9C62-6D03CF13F8C2}.Release|Any CPU.ActiveCfg = Release|Any CPU
		{FB79D9B1-D733-4A10-9C62-6D03CF13F8C2}.Release|Any CPU.Build.0 = Release|Any CPU
		{DE93B51B-15CF-41A5-8291-88D4D9A9A265}.Debug|Any CPU.ActiveCfg = Debug|Any CPU
		{DE93B51B-15CF-41A5-8291-88D4D9A9A265}.Debug|Any CPU.Build.0 = Debug|Any CPU
		{DE93B51B-15CF-41A5-8291-88D4D9A9A265}.Release|Any CPU.ActiveCfg = Release|Any CPU
		{DE93B51B-15CF-41A5-8291-88D4D9A9A265}.Release|Any CPU.Build.0 = Release|Any CPU
		{5EBFA442-0BF7-40B9-BEF6-1A1D2761E524}.Debug|Any CPU.ActiveCfg = Debug|Any CPU
		{5EBFA442-0BF7-40B9-BEF6-1A1D2761E524}.Debug|Any CPU.Build.0 = Debug|Any CPU
		{5EBFA442-0BF7-40B9-BEF6-1A1D2761E524}.Release|Any CPU.ActiveCfg = Release|Any CPU
		{5EBFA442-0BF7-40B9-BEF6-1A1D2761E524}.Release|Any CPU.Build.0 = Release|Any CPU
		{46C87257-6E35-4DC3-9D22-89E7C7AA6F37}.Debug|Any CPU.ActiveCfg = Debug|Any CPU
		{46C87257-6E35-4DC3-9D22-89E7C7AA6F37}.Debug|Any CPU.Build.0 = Debug|Any CPU
		{46C87257-6E35-4DC3-9D22-89E7C7AA6F37}.Release|Any CPU.ActiveCfg = Release|Any CPU
		{46C87257-6E35-4DC3-9D22-89E7C7AA6F37}.Release|Any CPU.Build.0 = Release|Any CPU
		{67A536F2-DA9A-4160-84C7-09D9DE555955}.Debug|Any CPU.ActiveCfg = Debug|Any CPU
		{67A536F2-DA9A-4160-84C7-09D9DE555955}.Debug|Any CPU.Build.0 = Debug|Any CPU
		{67A536F2-DA9A-4160-84C7-09D9DE555955}.Release|Any CPU.ActiveCfg = Release|Any CPU
		{67A536F2-DA9A-4160-84C7-09D9DE555955}.Release|Any CPU.Build.0 = Release|Any CPU
		{AA415046-FAF3-49E9-BD01-C52B9F34D342}.Debug|Any CPU.ActiveCfg = Debug|Any CPU
		{AA415046-FAF3-49E9-BD01-C52B9F34D342}.Debug|Any CPU.Build.0 = Debug|Any CPU
		{AA415046-FAF3-49E9-BD01-C52B9F34D342}.Release|Any CPU.ActiveCfg = Release|Any CPU
		{AA415046-FAF3-49E9-BD01-C52B9F34D342}.Release|Any CPU.Build.0 = Release|Any CPU
		{58C7E915-3449-42DF-85D0-76357AB8DCFE}.Debug|Any CPU.ActiveCfg = Debug|Any CPU
		{58C7E915-3449-42DF-85D0-76357AB8DCFE}.Debug|Any CPU.Build.0 = Debug|Any CPU
		{58C7E915-3449-42DF-85D0-76357AB8DCFE}.Release|Any CPU.ActiveCfg = Release|Any CPU
		{58C7E915-3449-42DF-85D0-76357AB8DCFE}.Release|Any CPU.Build.0 = Release|Any CPU
		{1E59C96B-7F0B-4B1A-9B66-FD9B9A375503}.Debug|Any CPU.ActiveCfg = Debug|Any CPU
		{1E59C96B-7F0B-4B1A-9B66-FD9B9A375503}.Debug|Any CPU.Build.0 = Debug|Any CPU
		{1E59C96B-7F0B-4B1A-9B66-FD9B9A375503}.Release|Any CPU.ActiveCfg = Release|Any CPU
		{1E59C96B-7F0B-4B1A-9B66-FD9B9A375503}.Release|Any CPU.Build.0 = Release|Any CPU
		{4AB52F6B-648B-4137-A1BB-CC09CDA93F96}.Debug|Any CPU.ActiveCfg = Debug|Any CPU
		{4AB52F6B-648B-4137-A1BB-CC09CDA93F96}.Debug|Any CPU.Build.0 = Debug|Any CPU
		{4AB52F6B-648B-4137-A1BB-CC09CDA93F96}.Release|Any CPU.ActiveCfg = Release|Any CPU
		{4AB52F6B-648B-4137-A1BB-CC09CDA93F96}.Release|Any CPU.Build.0 = Release|Any CPU
		{68F822BA-F915-4471-ACC9-9A73482A169A}.Debug|Any CPU.ActiveCfg = Debug|Any CPU
		{68F822BA-F915-4471-ACC9-9A73482A169A}.Debug|Any CPU.Build.0 = Debug|Any CPU
		{68F822BA-F915-4471-ACC9-9A73482A169A}.Release|Any CPU.ActiveCfg = Release|Any CPU
		{68F822BA-F915-4471-ACC9-9A73482A169A}.Release|Any CPU.Build.0 = Release|Any CPU
		{77D5034B-6A33-4D2C-BC6F-13C46957ADEB}.Debug|Any CPU.ActiveCfg = Debug|Any CPU
		{77D5034B-6A33-4D2C-BC6F-13C46957ADEB}.Debug|Any CPU.Build.0 = Debug|Any CPU
		{77D5034B-6A33-4D2C-BC6F-13C46957ADEB}.Release|Any CPU.ActiveCfg = Release|Any CPU
		{77D5034B-6A33-4D2C-BC6F-13C46957ADEB}.Release|Any CPU.Build.0 = Release|Any CPU
		{27185106-BAA1-4A52-BAB8-39ADA3D17AAB}.Debug|Any CPU.ActiveCfg = Debug|Any CPU
		{27185106-BAA1-4A52-BAB8-39ADA3D17AAB}.Debug|Any CPU.Build.0 = Debug|Any CPU
		{27185106-BAA1-4A52-BAB8-39ADA3D17AAB}.Release|Any CPU.ActiveCfg = Release|Any CPU
		{27185106-BAA1-4A52-BAB8-39ADA3D17AAB}.Release|Any CPU.Build.0 = Release|Any CPU
		{6EFF8239-9F01-458E-A916-F9CDC9224C67}.Debug|Any CPU.ActiveCfg = Debug|Any CPU
		{6EFF8239-9F01-458E-A916-F9CDC9224C67}.Debug|Any CPU.Build.0 = Debug|Any CPU
		{6EFF8239-9F01-458E-A916-F9CDC9224C67}.Release|Any CPU.ActiveCfg = Release|Any CPU
		{6EFF8239-9F01-458E-A916-F9CDC9224C67}.Release|Any CPU.Build.0 = Release|Any CPU
		{79C48E46-6391-4DCC-9091-7EEF08DFDA2F}.Debug|Any CPU.ActiveCfg = Debug|Any CPU
		{79C48E46-6391-4DCC-9091-7EEF08DFDA2F}.Debug|Any CPU.Build.0 = Debug|Any CPU
		{79C48E46-6391-4DCC-9091-7EEF08DFDA2F}.Release|Any CPU.ActiveCfg = Release|Any CPU
		{79C48E46-6391-4DCC-9091-7EEF08DFDA2F}.Release|Any CPU.Build.0 = Release|Any CPU
		{A55E4759-EE6C-4FC2-9383-0FA604656B19}.Debug|Any CPU.ActiveCfg = Debug|Any CPU
		{A55E4759-EE6C-4FC2-9383-0FA604656B19}.Debug|Any CPU.Build.0 = Debug|Any CPU
		{A55E4759-EE6C-4FC2-9383-0FA604656B19}.Release|Any CPU.ActiveCfg = Release|Any CPU
		{A55E4759-EE6C-4FC2-9383-0FA604656B19}.Release|Any CPU.Build.0 = Release|Any CPU
		{EA194000-114C-4F99-85F6-233FAA218A2D}.Debug|Any CPU.ActiveCfg = Debug|Any CPU
		{EA194000-114C-4F99-85F6-233FAA218A2D}.Debug|Any CPU.Build.0 = Debug|Any CPU
		{EA194000-114C-4F99-85F6-233FAA218A2D}.Release|Any CPU.ActiveCfg = Release|Any CPU
		{EA194000-114C-4F99-85F6-233FAA218A2D}.Release|Any CPU.Build.0 = Release|Any CPU
		{9E26F473-5CC7-4706-AA4E-A1D40FC4D8F4}.Debug|Any CPU.ActiveCfg = Debug|Any CPU
		{9E26F473-5CC7-4706-AA4E-A1D40FC4D8F4}.Debug|Any CPU.Build.0 = Debug|Any CPU
		{9E26F473-5CC7-4706-AA4E-A1D40FC4D8F4}.Release|Any CPU.ActiveCfg = Release|Any CPU
		{9E26F473-5CC7-4706-AA4E-A1D40FC4D8F4}.Release|Any CPU.Build.0 = Release|Any CPU
		{D1E19523-8A75-4406-9D2F-49552F19986A}.Debug|Any CPU.ActiveCfg = Debug|Any CPU
		{D1E19523-8A75-4406-9D2F-49552F19986A}.Debug|Any CPU.Build.0 = Debug|Any CPU
		{D1E19523-8A75-4406-9D2F-49552F19986A}.Release|Any CPU.ActiveCfg = Release|Any CPU
		{D1E19523-8A75-4406-9D2F-49552F19986A}.Release|Any CPU.Build.0 = Release|Any CPU
		{54585891-F793-4100-82E9-3EBD6E2A022F}.Debug|Any CPU.ActiveCfg = Debug|Any CPU
		{54585891-F793-4100-82E9-3EBD6E2A022F}.Debug|Any CPU.Build.0 = Debug|Any CPU
		{54585891-F793-4100-82E9-3EBD6E2A022F}.Release|Any CPU.ActiveCfg = Release|Any CPU
		{54585891-F793-4100-82E9-3EBD6E2A022F}.Release|Any CPU.Build.0 = Release|Any CPU
		{C8B26CC6-5F31-464D-B80E-D5B250C6E997}.Debug|Any CPU.ActiveCfg = Debug|Any CPU
		{C8B26CC6-5F31-464D-B80E-D5B250C6E997}.Debug|Any CPU.Build.0 = Debug|Any CPU
		{C8B26CC6-5F31-464D-B80E-D5B250C6E997}.Release|Any CPU.ActiveCfg = Release|Any CPU
		{C8B26CC6-5F31-464D-B80E-D5B250C6E997}.Release|Any CPU.Build.0 = Release|Any CPU
		{B397547F-8D5F-441E-AD13-9B40EF7C7103}.Debug|Any CPU.ActiveCfg = Debug|Any CPU
		{B397547F-8D5F-441E-AD13-9B40EF7C7103}.Debug|Any CPU.Build.0 = Debug|Any CPU
		{B397547F-8D5F-441E-AD13-9B40EF7C7103}.Release|Any CPU.ActiveCfg = Release|Any CPU
		{B397547F-8D5F-441E-AD13-9B40EF7C7103}.Release|Any CPU.Build.0 = Release|Any CPU
		{FDD62318-D9A9-49AC-BD47-24A834FD17F5}.Debug|Any CPU.ActiveCfg = Debug|Any CPU
		{FDD62318-D9A9-49AC-BD47-24A834FD17F5}.Debug|Any CPU.Build.0 = Debug|Any CPU
		{FDD62318-D9A9-49AC-BD47-24A834FD17F5}.Release|Any CPU.ActiveCfg = Release|Any CPU
		{FDD62318-D9A9-49AC-BD47-24A834FD17F5}.Release|Any CPU.Build.0 = Release|Any CPU
		{09E8552C-A4A7-4206-B623-24EF71B31394}.Debug|Any CPU.ActiveCfg = Debug|Any CPU
		{09E8552C-A4A7-4206-B623-24EF71B31394}.Debug|Any CPU.Build.0 = Debug|Any CPU
		{09E8552C-A4A7-4206-B623-24EF71B31394}.Release|Any CPU.ActiveCfg = Release|Any CPU
		{09E8552C-A4A7-4206-B623-24EF71B31394}.Release|Any CPU.Build.0 = Release|Any CPU
		{765BC718-89A6-4B6A-9FA9-6FA635DFA4CD}.Debug|Any CPU.ActiveCfg = Debug|Any CPU
		{765BC718-89A6-4B6A-9FA9-6FA635DFA4CD}.Debug|Any CPU.Build.0 = Debug|Any CPU
		{765BC718-89A6-4B6A-9FA9-6FA635DFA4CD}.Release|Any CPU.ActiveCfg = Release|Any CPU
		{765BC718-89A6-4B6A-9FA9-6FA635DFA4CD}.Release|Any CPU.Build.0 = Release|Any CPU
		{AA215F6E-6A08-42AC-B728-35F530765FB5}.Debug|Any CPU.ActiveCfg = Debug|Any CPU
		{AA215F6E-6A08-42AC-B728-35F530765FB5}.Debug|Any CPU.Build.0 = Debug|Any CPU
		{AA215F6E-6A08-42AC-B728-35F530765FB5}.Release|Any CPU.ActiveCfg = Release|Any CPU
		{AA215F6E-6A08-42AC-B728-35F530765FB5}.Release|Any CPU.Build.0 = Release|Any CPU
		{41BEAAB5-D6E8-4843-913D-E098F9A95346}.Debug|Any CPU.ActiveCfg = Debug|Any CPU
		{41BEAAB5-D6E8-4843-913D-E098F9A95346}.Debug|Any CPU.Build.0 = Debug|Any CPU
		{41BEAAB5-D6E8-4843-913D-E098F9A95346}.Release|Any CPU.ActiveCfg = Release|Any CPU
		{41BEAAB5-D6E8-4843-913D-E098F9A95346}.Release|Any CPU.Build.0 = Release|Any CPU
		{8C301D83-1804-4379-9679-0A8B797EEC7C}.Debug|Any CPU.ActiveCfg = Debug|Any CPU
		{8C301D83-1804-4379-9679-0A8B797EEC7C}.Debug|Any CPU.Build.0 = Debug|Any CPU
		{8C301D83-1804-4379-9679-0A8B797EEC7C}.Release|Any CPU.ActiveCfg = Release|Any CPU
		{8C301D83-1804-4379-9679-0A8B797EEC7C}.Release|Any CPU.Build.0 = Release|Any CPU
		{F6CA8461-FE58-4A98-A043-1883F21CD2FD}.Debug|Any CPU.ActiveCfg = Debug|Any CPU
		{F6CA8461-FE58-4A98-A043-1883F21CD2FD}.Debug|Any CPU.Build.0 = Debug|Any CPU
		{F6CA8461-FE58-4A98-A043-1883F21CD2FD}.Release|Any CPU.ActiveCfg = Release|Any CPU
		{F6CA8461-FE58-4A98-A043-1883F21CD2FD}.Release|Any CPU.Build.0 = Release|Any CPU
		{FDD470CF-7835-4A19-874A-7992E49E143E}.Debug|Any CPU.ActiveCfg = Debug|Any CPU
		{FDD470CF-7835-4A19-874A-7992E49E143E}.Debug|Any CPU.Build.0 = Debug|Any CPU
		{FDD470CF-7835-4A19-874A-7992E49E143E}.Release|Any CPU.ActiveCfg = Release|Any CPU
		{FDD470CF-7835-4A19-874A-7992E49E143E}.Release|Any CPU.Build.0 = Release|Any CPU
	EndGlobalSection
	GlobalSection(SolutionProperties) = preSolution
		HideSolutionNode = FALSE
	EndGlobalSection
	GlobalSection(NestedProjects) = preSolution
		{12AC40D2-8FA6-41A0-BA0F-FF032E34028E} = {E8BC0E9C-0DAE-4665-822D-4E781DA0B91D}
		{448BD833-3949-4CF6-9CDC-A4914531DD24} = {E8BC0E9C-0DAE-4665-822D-4E781DA0B91D}
		{22CB49E8-B8C2-46BF-A1FD-840AD8BEE5AE} = {E8BC0E9C-0DAE-4665-822D-4E781DA0B91D}
		{FA933D56-4C40-4749-AFDA-0C657749A325} = {E8BC0E9C-0DAE-4665-822D-4E781DA0B91D}
		{FB79D9B1-D733-4A10-9C62-6D03CF13F8C2} = {E8BC0E9C-0DAE-4665-822D-4E781DA0B91D}
		{DE93B51B-15CF-41A5-8291-88D4D9A9A265} = {E8BC0E9C-0DAE-4665-822D-4E781DA0B91D}
		{5EBFA442-0BF7-40B9-BEF6-1A1D2761E524} = {E8BC0E9C-0DAE-4665-822D-4E781DA0B91D}
		{46C87257-6E35-4DC3-9D22-89E7C7AA6F37} = {E8BC0E9C-0DAE-4665-822D-4E781DA0B91D}
		{67A536F2-DA9A-4160-84C7-09D9DE555955} = {E8BC0E9C-0DAE-4665-822D-4E781DA0B91D}
		{AA415046-FAF3-49E9-BD01-C52B9F34D342} = {E8BC0E9C-0DAE-4665-822D-4E781DA0B91D}
		{58C7E915-3449-42DF-85D0-76357AB8DCFE} = {E8BC0E9C-0DAE-4665-822D-4E781DA0B91D}
		{1E59C96B-7F0B-4B1A-9B66-FD9B9A375503} = {6F1E4B6E-F75E-4B52-92B7-2554B5209D52}
		{4AB52F6B-648B-4137-A1BB-CC09CDA93F96} = {6F1E4B6E-F75E-4B52-92B7-2554B5209D52}
		{68F822BA-F915-4471-ACC9-9A73482A169A} = {6F1E4B6E-F75E-4B52-92B7-2554B5209D52}
		{77D5034B-6A33-4D2C-BC6F-13C46957ADEB} = {6F1E4B6E-F75E-4B52-92B7-2554B5209D52}
		{27185106-BAA1-4A52-BAB8-39ADA3D17AAB} = {6F1E4B6E-F75E-4B52-92B7-2554B5209D52}
		{6EFF8239-9F01-458E-A916-F9CDC9224C67} = {58013D86-8468-41B0-BE83-BE6892159FF1}
		{79C48E46-6391-4DCC-9091-7EEF08DFDA2F} = {58013D86-8468-41B0-BE83-BE6892159FF1}
		{A55E4759-EE6C-4FC2-9383-0FA604656B19} = {58013D86-8468-41B0-BE83-BE6892159FF1}
		{EA194000-114C-4F99-85F6-233FAA218A2D} = {58013D86-8468-41B0-BE83-BE6892159FF1}
		{9E26F473-5CC7-4706-AA4E-A1D40FC4D8F4} = {58013D86-8468-41B0-BE83-BE6892159FF1}
		{D1E19523-8A75-4406-9D2F-49552F19986A} = {58013D86-8468-41B0-BE83-BE6892159FF1}
		{54585891-F793-4100-82E9-3EBD6E2A022F} = {58013D86-8468-41B0-BE83-BE6892159FF1}
		{C8B26CC6-5F31-464D-B80E-D5B250C6E997} = {58013D86-8468-41B0-BE83-BE6892159FF1}
		{B397547F-8D5F-441E-AD13-9B40EF7C7103} = {58013D86-8468-41B0-BE83-BE6892159FF1}
		{FDD62318-D9A9-49AC-BD47-24A834FD17F5} = {58013D86-8468-41B0-BE83-BE6892159FF1}
		{09E8552C-A4A7-4206-B623-24EF71B31394} = {58013D86-8468-41B0-BE83-BE6892159FF1}
		{765BC718-89A6-4B6A-9FA9-6FA635DFA4CD} = {E4F5EF30-A673-4B1B-81F2-D57920C8DA76}
		{AA215F6E-6A08-42AC-B728-35F530765FB5} = {E4F5EF30-A673-4B1B-81F2-D57920C8DA76}
		{41BEAAB5-D6E8-4843-913D-E098F9A95346} = {E4F5EF30-A673-4B1B-81F2-D57920C8DA76}
		{8C301D83-1804-4379-9679-0A8B797EEC7C} = {E4F5EF30-A673-4B1B-81F2-D57920C8DA76}
		{F6CA8461-FE58-4A98-A043-1883F21CD2FD} = {E4F5EF30-A673-4B1B-81F2-D57920C8DA76}
		{FDD470CF-7835-4A19-874A-7992E49E143E} = {E4F5EF30-A673-4B1B-81F2-D57920C8DA76}
	EndGlobalSection
	GlobalSection(ExtensibilityGlobals) = postSolution
		SolutionGuid = {F5E06BD0-3132-4AD2-8818-4DA3F984AA6A}
	EndGlobalSection
EndGlobal
